
Microsoft Visual Studio Solution File, Format Version 12.00
# Visual Studio Version 16
VisualStudioVersion = 16.0.32106.194
MinimumVisualStudioVersion = 10.0.40219.1
Project("{FAE04EC0-301F-11D3-BF4B-00C04F79EFBC}") = "JWTBearerTokenTest", "JWTBearerTokenTest.csproj", "{B0D1A0CC-0620-4C24-A9A0-101AD19E3E04}"
EndProject
Global
	GlobalSection(SolutionConfigurationPlatforms) = preSolution
		Debug|Any CPU = Debug|Any CPU
		Release|Any CPU = Release|Any CPU
	EndGlobalSection
	GlobalSection(ProjectConfigurationPlatforms) = postSolution
		{B0D1A0CC-0620-4C24-A9A0-101AD19E3E04}.Debug|Any CPU.ActiveCfg = Debug|Any CPU
		{B0D1A0CC-0620-4C24-A9A0-101AD19E3E04}.Debug|Any CPU.Build.0 = Debug|Any CPU
		{B0D1A0CC-0620-4C24-A9A0-101AD19E3E04}.Release|Any CPU.ActiveCfg = Release|Any CPU
		{B0D1A0CC-0620-4C24-A9A0-101AD19E3E04}.Release|Any CPU.Build.0 = Release|Any CPU
	EndGlobalSection
	GlobalSection(SolutionProperties) = preSolution
		HideSolutionNode = FALSE
	EndGlobalSection
	GlobalSection(ExtensibilityGlobals) = postSolution
		SolutionGuid = {31D4FB37-6E03-401A-932D-DDF484C1B6A8}
	EndGlobalSection
EndGlobal
